
Microsoft Visual Studio Solution File, Format Version 12.00
# Visual Studio Version 17
VisualStudioVersion = 17.0.31903.59
MinimumVisualStudioVersion = 10.0.40219.1
Project("{2150E333-8FDC-42A3-9474-1A3956D46DE8}") = "src", "src", "{827E0CD3-B72D-47B6-A68D-7590B98EB39B}"
EndProject
Project("{FAE04EC0-301F-11D3-BF4B-00C04F79EFBC}") = "SchedulerCore.Domain", "src\SchedulerCore.Domain\SchedulerCore.Domain.csproj", "{333556FD-6D91-43A4-8991-88076EBAC631}"
EndProject
Project("{FAE04EC0-301F-11D3-BF4B-00C04F79EFBC}") = "SchedulerCore.Coordinator", "src\SchedulerCore.Coordinator\SchedulerCore.Coordinator.csproj", "{E8E9E2EB-AAF4-4DB0-95AE-6BC8DEFC195E}"
EndProject
Project("{FAE04EC0-301F-11D3-BF4B-00C04F79EFBC}") = "SchedulerCore.Worker", "src\SchedulerCore.Worker\SchedulerCore.Worker.csproj", "{A993013C-31F2-456C-B7B4-C566861C207E}"
EndProject
Project("{FAE04EC0-301F-11D3-BF4B-00C04F79EFBC}") = "SchedulerCore.Persistence", "src\SchedulerCore.Persistence\SchedulerCore.Persistence.csproj", "{4AC6D9A5-CEAA-4DCC-B289-46C774B74AE6}"
EndProject
Project("{2150E333-8FDC-42A3-9474-1A3956D46DE8}") = "tests", "tests", "{0AB3BF05-4346-4AA6-1389-037BE0695223}"
EndProject
Project("{FAE04EC0-301F-11D3-BF4B-00C04F79EFBC}") = "SchedulerCore.Tests", "tests\SchedulerCore.Tests\SchedulerCore.Tests.csproj", "{22B6ED54-8390-4D30-BBEF-FD81B96C591C}"
EndProject
Global
	GlobalSection(SolutionConfigurationPlatforms) = preSolution
		Debug|Any CPU = Debug|Any CPU
		Debug|x64 = Debug|x64
		Debug|x86 = Debug|x86
		Release|Any CPU = Release|Any CPU
		Release|x64 = Release|x64
		Release|x86 = Release|x86
	EndGlobalSection
	GlobalSection(ProjectConfigurationPlatforms) = postSolution
		{333556FD-6D91-43A4-8991-88076EBAC631}.Debug|Any CPU.ActiveCfg = Debug|Any CPU
		{333556FD-6D91-43A4-8991-88076EBAC631}.Debug|Any CPU.Build.0 = Debug|Any CPU
		{333556FD-6D91-43A4-8991-88076EBAC631}.Debug|x64.ActiveCfg = Debug|Any CPU
		{333556FD-6D91-43A4-8991-88076EBAC631}.Debug|x64.Build.0 = Debug|Any CPU
		{333556FD-6D91-43A4-8991-88076EBAC631}.Debug|x86.ActiveCfg = Debug|Any CPU
		{333556FD-6D91-43A4-8991-88076EBAC631}.Debug|x86.Build.0 = Debug|Any CPU
		{333556FD-6D91-43A4-8991-88076EBAC631}.Release|Any CPU.ActiveCfg = Release|Any CPU
		{333556FD-6D91-43A4-8991-88076EBAC631}.Release|Any CPU.Build.0 = Release|Any CPU
		{333556FD-6D91-43A4-8991-88076EBAC631}.Release|x64.ActiveCfg = Release|Any CPU
		{333556FD-6D91-43A4-8991-88076EBAC631}.Release|x64.Build.0 = Release|Any CPU
		{333556FD-6D91-43A4-8991-88076EBAC631}.Release|x86.ActiveCfg = Release|Any CPU
		{333556FD-6D91-43A4-8991-88076EBAC631}.Release|x86.Build.0 = Release|Any CPU
		{E8E9E2EB-AAF4-4DB0-95AE-6BC8DEFC195E}.Debug|Any CPU.ActiveCfg = Debug|Any CPU
		{E8E9E2EB-AAF4-4DB0-95AE-6BC8DEFC195E}.Debug|Any CPU.Build.0 = Debug|Any CPU
		{E8E9E2EB-AAF4-4DB0-95AE-6BC8DEFC195E}.Debug|x64.ActiveCfg = Debug|Any CPU
		{E8E9E2EB-AAF4-4DB0-95AE-6BC8DEFC195E}.Debug|x64.Build.0 = Debug|Any CPU
		{E8E9E2EB-AAF4-4DB0-95AE-6BC8DEFC195E}.Debug|x86.ActiveCfg = Debug|Any CPU
		{E8E9E2EB-AAF4-4DB0-95AE-6BC8DEFC195E}.Debug|x86.Build.0 = Debug|Any CPU
		{E8E9E2EB-AAF4-4DB0-95AE-6BC8DEFC195E}.Release|Any CPU.ActiveCfg = Release|Any CPU
		{E8E9E2EB-AAF4-4DB0-95AE-6BC8DEFC195E}.Release|Any CPU.Build.0 = Release|Any CPU
		{E8E9E2EB-AAF4-4DB0-95AE-6BC8DEFC195E}.Release|x64.ActiveCfg = Release|Any CPU
		{E8E9E2EB-AAF4-4DB0-95AE-6BC8DEFC195E}.Release|x64.Build.0 = Release|Any CPU
		{E8E9E2EB-AAF4-4DB0-95AE-6BC8DEFC195E}.Release|x86.ActiveCfg = Release|Any CPU
		{E8E9E2EB-AAF4-4DB0-95AE-6BC8DEFC195E}.Release|x86.Build.0 = Release|Any CPU
		{A993013C-31F2-456C-B7B4-C566861C207E}.Debug|Any CPU.ActiveCfg = Debug|Any CPU
		{A993013C-31F2-456C-B7B4-C566861C207E}.Debug|Any CPU.Build.0 = Debug|Any CPU
		{A993013C-31F2-456C-B7B4-C566861C207E}.Debug|x64.ActiveCfg = Debug|Any CPU
		{A993013C-31F2-456C-B7B4-C566861C207E}.Debug|x64.Build.0 = Debug|Any CPU
		{A993013C-31F2-456C-B7B4-C566861C207E}.Debug|x86.ActiveCfg = Debug|Any CPU
		{A993013C-31F2-456C-B7B4-C566861C207E}.Debug|x86.Build.0 = Debug|Any CPU
		{A993013C-31F2-456C-B7B4-C566861C207E}.Release|Any CPU.ActiveCfg = Release|Any CPU
		{A993013C-31F2-456C-B7B4-C566861C207E}.Release|Any CPU.Build.0 = Release|Any CPU
		{A993013C-31F2-456C-B7B4-C566861C207E}.Release|x64.ActiveCfg = Release|Any CPU
		{A993013C-31F2-456C-B7B4-C566861C207E}.Release|x64.Build.0 = Release|Any CPU
		{A993013C-31F2-456C-B7B4-C566861C207E}.Release|x86.ActiveCfg = Release|Any CPU
		{A993013C-31F2-456C-B7B4-C566861C207E}.Release|x86.Build.0 = Release|Any CPU
		{4AC6D9A5-CEAA-4DCC-B289-46C774B74AE6}.Debug|Any CPU.ActiveCfg = Debug|Any CPU
		{4AC6D9A5-CEAA-4DCC-B289-46C774B74AE6}.Debug|Any CPU.Build.0 = Debug|Any CPU
		{4AC6D9A5-CEAA-4DCC-B289-46C774B74AE6}.Debug|x64.ActiveCfg = Debug|Any CPU
		{4AC6D9A5-CEAA-4DCC-B289-46C774B74AE6}.Debug|x64.Build.0 = Debug|Any CPU
		{4AC6D9A5-CEAA-4DCC-B289-46C774B74AE6}.Debug|x86.ActiveCfg = Debug|Any CPU
		{4AC6D9A5-CEAA-4DCC-B289-46C774B74AE6}.Debug|x86.Build.0 = Debug|Any CPU
		{4AC6D9A5-CEAA-4DCC-B289-46C774B74AE6}.Release|Any CPU.ActiveCfg = Release|Any CPU
		{4AC6D9A5-CEAA-4DCC-B289-46C774B74AE6}.Release|Any CPU.Build.0 = Release|Any CPU
		{4AC6D9A5-CEAA-4DCC-B289-46C774B74AE6}.Release|x64.ActiveCfg = Release|Any CPU
		{4AC6D9A5-CEAA-4DCC-B289-46C774B74AE6}.Release|x64.Build.0 = Release|Any CPU
		{4AC6D9A5-CEAA-4DCC-B289-46C774B74AE6}.Release|x86.ActiveCfg = Release|Any CPU
		{4AC6D9A5-CEAA-4DCC-B289-46C774B74AE6}.Release|x86.Build.0 = Release|Any CPU
		{22B6ED54-8390-4D30-BBEF-FD81B96C591C}.Debug|Any CPU.ActiveCfg = Debug|Any CPU
		{22B6ED54-8390-4D30-BBEF-FD81B96C591C}.Debug|Any CPU.Build.0 = Debug|Any CPU
		{22B6ED54-8390-4D30-BBEF-FD81B96C591C}.Debug|x64.ActiveCfg = Debug|Any CPU
		{22B6ED54-8390-4D30-BBEF-FD81B96C591C}.Debug|x64.Build.0 = Debug|Any CPU
		{22B6ED54-8390-4D30-BBEF-FD81B96C591C}.Debug|x86.ActiveCfg = Debug|Any CPU
		{22B6ED54-8390-4D30-BBEF-FD81B96C591C}.Debug|x86.Build.0 = Debug|Any CPU
		{22B6ED54-8390-4D30-BBEF-FD81B96C591C}.Release|Any CPU.ActiveCfg = Release|Any CPU
		{22B6ED54-8390-4D30-BBEF-FD81B96C591C}.Release|Any CPU.Build.0 = Release|Any CPU
		{22B6ED54-8390-4D30-BBEF-FD81B96C591C}.Release|x64.ActiveCfg = Release|Any CPU
		{22B6ED54-8390-4D30-BBEF-FD81B96C591C}.Release|x64.Build.0 = Release|Any CPU
		{22B6ED54-8390-4D30-BBEF-FD81B96C591C}.Release|x86.ActiveCfg = Release|Any CPU
		{22B6ED54-8390-4D30-BBEF-FD81B96C591C}.Release|x86.Build.0 = Release|Any CPU
	EndGlobalSection
	GlobalSection(SolutionProperties) = preSolution
		HideSolutionNode = FALSE
	EndGlobalSection
	GlobalSection(NestedProjects) = preSolution
		{333556FD-6D91-43A4-8991-88076EBAC631} = {827E0CD3-B72D-47B6-A68D-7590B98EB39B}
		{E8E9E2EB-AAF4-4DB0-95AE-6BC8DEFC195E} = {827E0CD3-B72D-47B6-A68D-7590B98EB39B}
		{A993013C-31F2-456C-B7B4-C566861C207E} = {827E0CD3-B72D-47B6-A68D-7590B98EB39B}
		{4AC6D9A5-CEAA-4DCC-B289-46C774B74AE6} = {827E0CD3-B72D-47B6-A68D-7590B98EB39B}
		{22B6ED54-8390-4D30-BBEF-FD81B96C591C} = {0AB3BF05-4346-4AA6-1389-037BE0695223}
	EndGlobalSection
EndGlobal
